
Microsoft Visual Studio Solution File, Format Version 12.00
# Visual Studio Version 16
VisualStudioVersion = 16.0.30114.105
MinimumVisualStudioVersion = 10.0.40219.1
Project("{FAE04EC0-301F-11D3-BF4B-00C04F79EFBC}") = "Jumpboy", "Jumpboy\Jumpboy.csproj", "{A05A9B5E-A9DA-43A8-A681-6CC61F85F2E1}"
EndProject
Global
	GlobalSection(SolutionConfigurationPlatforms) = preSolution
		Debug|Any CPU = Debug|Any CPU
		Release|Any CPU = Release|Any CPU
	EndGlobalSection
	GlobalSection(SolutionProperties) = preSolution
		HideSolutionNode = FALSE
	EndGlobalSection
	GlobalSection(ProjectConfigurationPlatforms) = postSolution
		{A05A9B5E-A9DA-43A8-A681-6CC61F85F2E1}.Debug|Any CPU.ActiveCfg = Debug|Any CPU
		{A05A9B5E-A9DA-43A8-A681-6CC61F85F2E1}.Debug|Any CPU.Build.0 = Debug|Any CPU
		{A05A9B5E-A9DA-43A8-A681-6CC61F85F2E1}.Release|Any CPU.ActiveCfg = Release|Any CPU
		{A05A9B5E-A9DA-43A8-A681-6CC61F85F2E1}.Release|Any CPU.Build.0 = Release|Any CPU
	EndGlobalSection
EndGlobal
